
Microsoft Visual Studio Solution File, Format Version 12.00
Project("{FAE04EC0-301F-11D3-BF4B-00C04F79EFBC}") = "LiteFury.Acquisition.ConsoleApp", "LiteFury.Acquisition.ConsoleApp\LiteFury.Acquisition.ConsoleApp.csproj", "{12953ADA-FA4A-48B5-880F-C3A06F70CCB4}"
EndProject
Project("{FAE04EC0-301F-11D3-BF4B-00C04F79EFBC}") = "LiteFury.Acquisition.Core", "LiteFury.Acquisition.Core\LiteFury.Acquisition.Core.csproj", "{0C85AB65-CFE0-4B30-9B1A-78084C9F40D0}"
EndProject
Project("{FAE04EC0-301F-11D3-BF4B-00C04F79EFBC}") = "LiteFury.Acquisition.Core.Tests", "LiteFury.Acquisition.Core.Tests\LiteFury.Acquisition.Core.Tests.csproj", "{4F64B37F-E343-4A52-8F13-F91C0CEE30F7}"
EndProject
Project("{FAE04EC0-301F-11D3-BF4B-00C04F79EFBC}") = "LiteFury.Acquisition.Gui", "LiteFury.Acquisition.Gui\LiteFury.Acquisition.Gui.csproj", "{19EFA16A-DA12-4680-9275-082769C823E1}"
EndProject
Global
	GlobalSection(SolutionConfigurationPlatforms) = preSolution
		Debug|Any CPU = Debug|Any CPU
		Release|Any CPU = Release|Any CPU
	EndGlobalSection
	GlobalSection(ProjectConfigurationPlatforms) = postSolution
		{12953ADA-FA4A-48B5-880F-C3A06F70CCB4}.Debug|Any CPU.ActiveCfg = Debug|Any CPU
		{12953ADA-FA4A-48B5-880F-C3A06F70CCB4}.Debug|Any CPU.Build.0 = Debug|Any CPU
		{12953ADA-FA4A-48B5-880F-C3A06F70CCB4}.Release|Any CPU.ActiveCfg = Release|Any CPU
		{12953ADA-FA4A-48B5-880F-C3A06F70CCB4}.Release|Any CPU.Build.0 = Release|Any CPU
		{0C85AB65-CFE0-4B30-9B1A-78084C9F40D0}.Debug|Any CPU.ActiveCfg = Debug|Any CPU
		{0C85AB65-CFE0-4B30-9B1A-78084C9F40D0}.Debug|Any CPU.Build.0 = Debug|Any CPU
		{0C85AB65-CFE0-4B30-9B1A-78084C9F40D0}.Release|Any CPU.ActiveCfg = Release|Any CPU
		{0C85AB65-CFE0-4B30-9B1A-78084C9F40D0}.Release|Any CPU.Build.0 = Release|Any CPU
		{4F64B37F-E343-4A52-8F13-F91C0CEE30F7}.Debug|Any CPU.ActiveCfg = Debug|Any CPU
		{4F64B37F-E343-4A52-8F13-F91C0CEE30F7}.Debug|Any CPU.Build.0 = Debug|Any CPU
		{4F64B37F-E343-4A52-8F13-F91C0CEE30F7}.Release|Any CPU.ActiveCfg = Release|Any CPU
		{4F64B37F-E343-4A52-8F13-F91C0CEE30F7}.Release|Any CPU.Build.0 = Release|Any CPU
		{19EFA16A-DA12-4680-9275-082769C823E1}.Debug|Any CPU.ActiveCfg = Debug|Any CPU
		{19EFA16A-DA12-4680-9275-082769C823E1}.Debug|Any CPU.Build.0 = Debug|Any CPU
		{19EFA16A-DA12-4680-9275-082769C823E1}.Release|Any CPU.ActiveCfg = Release|Any CPU
		{19EFA16A-DA12-4680-9275-082769C823E1}.Release|Any CPU.Build.0 = Release|Any CPU
	EndGlobalSection
EndGlobal
